
Microsoft Visual Studio Solution File, Format Version 12.00
# Visual Studio Version 17
VisualStudioVersion = 17.6.33829.357
MinimumVisualStudioVersion = 10.0.40219.1
Project("{FAE04EC0-301F-11D3-BF4B-00C04F79EFBC}") = "ProjectWebAPI", "ProjectWebAPI\ProjectWebAPI.csproj", "{2ACFB37E-45D5-46EC-A5E5-A1CF9E00FF43}"
EndProject
Global
	GlobalSection(SolutionConfigurationPlatforms) = preSolution
		Debug|Any CPU = Debug|Any CPU
		Release|Any CPU = Release|Any CPU
	EndGlobalSection
	GlobalSection(ProjectConfigurationPlatforms) = postSolution
		{2ACFB37E-45D5-46EC-A5E5-A1CF9E00FF43}.Debug|Any CPU.ActiveCfg = Debug|Any CPU
		{2ACFB37E-45D5-46EC-A5E5-A1CF9E00FF43}.Debug|Any CPU.Build.0 = Debug|Any CPU
		{2ACFB37E-45D5-46EC-A5E5-A1CF9E00FF43}.Release|Any CPU.ActiveCfg = Release|Any CPU
		{2ACFB37E-45D5-46EC-A5E5-A1CF9E00FF43}.Release|Any CPU.Build.0 = Release|Any CPU
	EndGlobalSection
	GlobalSection(SolutionProperties) = preSolution
		HideSolutionNode = FALSE
	EndGlobalSection
	GlobalSection(ExtensibilityGlobals) = postSolution
		SolutionGuid = {6113ACEE-87E9-46F7-A436-ACA9215C77E1}
	EndGlobalSection
EndGlobal
